# This file is @generated by PDM.
# It is not intended for manual editing.

[metadata]
groups = ["default", "test"]
strategy = ["inherit_metadata"]
lock_version = "4.5.0"
content_hash = "sha256:2887f4d8efb1fece3fc574bd7435a8e45600f2ea8f144def5b19561f7011f381"

[[metadata.targets]]
requires_python = ">=3.12,<3.13"

[[package]]
name = "aiohappyeyeballs"
version = "2.7.1"
requires_python = ">=3.10"
summary = "Happy Eyeballs for asyncio"
groups = ["default"]
files = [
    {file = "aiohappyeyeballs-2.7.1-py3-none-any.whl", hash = "sha256:9243213661e29250eb41368e5daa826fc017156c3b8a11440826b2e3ed376472"},
    {file = "aiohappyeyeballs-2.7.1.tar.gz", hash = "sha256:065665c041c42a5938ed220bdcd7230f22527fbec085e1853d2402c8a3615d9d"},
]

[[package]]
name = "aiohttp"
version = "3.14.3"
requires_python = ">=3.10"
summary = "Async http client/server framework (asyncio)"
groups = ["default"]
dependencies = [
    "aiohappyeyeballs>=2.5.0",
    "aiosignal>=1.4.0",
    "async-timeout<6.0,>=4.0; python_version < \"3.11\"",
    "attrs>=17.3.0",
    "frozenlist>=1.1.1",
    "multidict<7.0,>=4.5",
    "propcache>=0.2.0",
    "typing-extensions>=4.4; python_version < \"3.13\"",
    "yarl<2.0,>=1.17.0",
]
files = [
    {file = "aiohttp-3.14.3-cp312-cp312-macosx_10_13_universal2.whl", hash = "sha256:39aded8c7f3b935b54aab1d8d73c70ec0ee2d3ec3b943e0e86611bc150ba47f5"},
    {file = "aiohttp-3.14.3-cp312-cp312-macosx_10_13_x86_64.whl", hash = "sha256:5bcb6ff3fdab1258a192679ff1a05d44f59626430aa05cd1a9d2447423599228"},
    {file = "aiohttp-3.14.3-cp312-cp312-macosx_11_0_arm64.whl", hash = "sha256:617105e2c3018ee38d0c8ce5ee3c84f621a6d8b9f723202aacaff28449ca91ee"},
    {file = "aiohttp-3.14.3-cp312-cp312-manylinux2014_aarch64.manylinux_2_17_aarch64.manylinux_2_28_aarch64.whl", hash = "sha256:f631fe87a6f30df5fbe6d79640b25e4cffb38c31c7fb6f10871517b84b0f8c1a"},
    {file = "aiohttp-3.14.3-cp312-cp312-manylinux2014_armv7l.manylinux_2_17_armv7l.manylinux_2_31_armv7l.whl", hash = "sha256:a94dbaae5ae27bd849c93570669bff91e0510f33a80805738e3de72a7be0447b"},
    {file = "aiohttp-3.14.3-cp312-cp312-manylinux2014_ppc64le.manylinux_2_17_ppc64le.manylinux_2_28_ppc64le.whl", hash = "sha256:8f2f1c4c032c7cedd7d8da6f54c97b70266c6570c3108d3fdffee7188bb70529"},
    {file = "aiohttp-3.14.3-cp312-cp312-manylinux2014_s390x.manylinux_2_17_s390x.manylinux_2_28_s390x.whl", hash = "sha256:ea05e1f97ceea523942d9b2a7d7c0359d781d683d6b043f5943a602b14da4787"},
    {file = "aiohttp-3.14.3-cp312-cp312-manylinux2014_x86_64.manylinux_2_17_x86_64.manylinux_2_28_x86_64.whl", hash = "sha256:543906c127fb1d929b95076db19b83fa2d46751006ff1e23b093aa5ac4d8db42"},
    {file = "aiohttp-3.14.3-cp312-cp312-manylinux_2_31_riscv64.manylinux_2_39_riscv64.whl", hash = "sha256:0a5ff2dfbb9ce645fa5b8ef3e02c6c0b9cc3f6030ff863d0c51fffc50cb5541b"},
    {file = "aiohttp-3.14.3-cp312-cp312-musllinux_1_2_aarch64.whl", hash = "sha256:041badb8f84396357c4d3ad26de6afd7a32b112f43d3c63045c0c8278cfd2043"},
    {file = "aiohttp-3.14.3-cp312-cp312-musllinux_1_2_armv7l.whl", hash = "sha256:530125ee1163c4219af35dc3aa1206e541e7b31b6efc1a3f93b70a136f65d427"},
    {file = "aiohttp-3.14.3-cp312-cp312-musllinux_1_2_ppc64le.whl", hash = "sha256:c8653fd547c93a61aadc612007790f5555cdd18946fa48cf45e26d8ea4ea473d"},
    {file = "aiohttp-3.14.3-cp312-cp312-musllinux_1_2_riscv64.whl", hash = "sha256:89176250f686cb9853c0fb7ead90e639e915b84a6f43eedc2a4e7ec21f1037f0"},
    {file = "aiohttp-3.14.3-cp312-cp312-musllinux_1_2_s390x.whl", hash = "sha256:3a26434dafe408229ff3403458ca58de24fb51936504decac49ce6755f77e59d"},
    {file = "aiohttp-3.14.3-cp312-cp312-musllinux_1_2_x86_64.whl", hash = "sha256:d1558173930a5a8d3069cee5c92fc91c87c4dbcb099debbb3622053717145a19"},
    {file = "aiohttp-3.14.3-cp312-cp312-win32.whl", hash = "sha256:16100ad3ab8d649fdfbee87602d9d2dcdca9df0b9eda8a1b5fdc0d41f96da559"},
    {file = "aiohttp-3.14.3-cp312-cp312-win_amd64.whl", hash = "sha256:33a2d7c28d33797a2e99923dffa63f83d908a19b6bf26cfe80fa790aa5e1a75a"},
    {file = "aiohttp-3.14.3-cp312-cp312-win_arm64.whl", hash = "sha256:362a3fd481769cac1a824514bcd86fda51c65e8fe6e051099e008fddde6db17c"},
    {file = "aiohttp-3.14.3.tar.gz", hash = "sha256:9491196535a88924a60afd5b5f434b5b203b6cc616250878dbdb223a8f7844bc"},
]

[[package]]
name = "aiosignal"
version = "1.4.0"
requires_python = ">=3.9"
summary = "aiosignal: a list of registered asynchronous callbacks"
groups = ["default"]
dependencies = [
    "frozenlist>=1.1.0",
    "typing-extensions>=4.2; python_version < \"3.13\"",
]
files = [
    {file = "aiosignal-1.4.0-py3-none-any.whl", hash = "sha256:053243f8b92b990551949e63930a839ff0cf0b0ebbe0597b0f3fb19e1a0fe82e"},
    {file = "aiosignal-1.4.0.tar.gz", hash = "sha256:f47eecd9468083c2029cc99945502cb7708b082c232f9aca65da147157b251c7"},
]

[[package]]
name = "annotated-types"
version = "0.8.0"
requires_python = ">=3.10"
summary = "Reusable constraint types to use with typing.Annotated"
groups = ["default"]
files = [
    {file = "annotated_types-0.8.0-py3-none-any.whl", hash = "sha256:f072f4d804ea359e4eaf198b1af7a8b0943881a87f31bb764f8bf219bb9419e0"},
    {file = "annotated_types-0.8.0.tar.gz", hash = "sha256:13b2beaad985e05e2d6407ee4c4f35590b11f8d693a258a561055cac8f64cab7"},
]

[[package]]
name = "attrs"
version = "26.1.0"
requires_python = ">=3.9"
summary = "Classes Without Boilerplate"
groups = ["default"]
files = [
    {file = "attrs-26.1.0-py3-none-any.whl", hash = "sha256:c647aa4a12dfbad9333ca4e71fe62ddc36f4e63b2d260a37a8b83d2f043ac309"},
    {file = "attrs-26.1.0.tar.gz", hash = "sha256:d03ceb89cb322a8fd706d4fb91940737b6642aa36998fe130a9bc96c985eff32"},
]

[[package]]
name = "cffi"
version = "2.1.1"
requires_python = ">=3.10"
summary = "Foreign Function Interface for Python calling C code."
groups = ["default"]
marker = "platform_python_implementation != \"PyPy\""
dependencies = [
    "pycparser; implementation_name != \"PyPy\"",
]
files = [
    {file = "cffi-2.1.1-cp312-cp312-macosx_10_15_x86_64.whl", hash = "sha256:c8c69575568085ba0b1b10c0249d779a214aea6f6522e949a0fc9fb0fcb449d0"},
    {file = "cffi-2.1.1-cp312-cp312-macosx_11_0_arm64.whl", hash = "sha256:f81b3b8f3d4e343550fa4baa0e479bba9f2d29ce9c2e9b51d1ce1718d7442fcf"},
    {file = "cffi-2.1.1-cp312-cp312-manylinux1_i686.manylinux2014_i686.manylinux_2_17_i686.manylinux_2_5_i686.whl", hash = "sha256:811bd1e21d32de12efca32393a0ab3f5133b54fce9bd44b8bd77ab07da14bf6a"},
    {file = "cffi-2.1.1-cp312-cp312-manylinux2014_aarch64.manylinux_2_17_aarch64.whl", hash = "sha256:68e62fe11f30d5ca8289242866f0a5291402d8529ca2178ab8afc5c9694ae890"},
    {file = "cffi-2.1.1-cp312-cp312-manylinux2014_ppc64le.manylinux_2_17_ppc64le.whl", hash = "sha256:4a7c934f7360e8cd64fe9efadcbd10c7c6364f531e432b9a4bf5ccbc9e0e8b50"},
    {file = "cffi-2.1.1-cp312-cp312-manylinux2014_s390x.manylinux_2_17_s390x.whl", hash = "sha256:3143d81e29e1e20a9ce10901ec369012947876596f75a222235965f2b7ae832e"},
    {file = "cffi-2.1.1-cp312-cp312-manylinux2014_x86_64.manylinux_2_17_x86_64.whl", hash = "sha256:c1453022f490d2459a11819d83ad1d586e9ff65a12ac3e705ffebd46d3685dcf"},
    {file = "cffi-2.1.1-cp312-cp312-musllinux_1_2_aarch64.whl", hash = "sha256:208f941bb9d18e768138677f0a6d2ce01f590df56043dda1df1535ac57c88517"},
    {file = "cffi-2.1.1-cp312-cp312-musllinux_1_2_x86_64.whl", hash = "sha256:210019b6c7cf07f081b4c54635c8cf744377001350e29cc0f81c4377b4797735"},
    {file = "cffi-2.1.1-cp312-cp312-win32.whl", hash = "sha256:046bfc24911b37851ee1b51aab8bffe713d89c68c6a057b09484ce9fd5f69b4e"},
    {file = "cffi-2.1.1-cp312-cp312-win_amd64.whl", hash = "sha256:f53e442b08449d42821fa4a4fba000095af9f62742a500f978a9f557ec44339a"},
    {file = "cffi-2.1.1-cp312-cp312-win_arm64.whl", hash = "sha256:7bde5e4cc5c10140859842b9d383af292b22639a4dffb725314baf45968cef80"},
    {file = "cffi-2.1.1.tar.gz", hash = "sha256:dd31f52ea1086513bb9df30f8fcee9b8918323ae067a3d5b78bc826a000712be"},
]

[[package]]
name = "colorama"
version = "0.4.6"
requires_python = "!=3.0.*,!=3.1.*,!=3.2.*,!=3.3.*,!=3.4.*,!=3.5.*,!=3.6.*,>=2.7"
summary = "Cross-platform colored terminal text."
groups = ["test"]
marker = "sys_platform == \"win32\""
files = [
    {file = "colorama-0.4.6-py2.py3-none-any.whl", hash = "sha256:4f1d9991f5acc0ca119f9d443620b77f9d6b33703e51011c16baf57afb285fc6"},
    {file = "colorama-0.4.6.tar.gz", hash = "sha256:08695f5cb7ed6e0531a20572697297273c47b8cae5a63ffc6d6ed5c201be6e44"},
]

[[package]]
name = "cryptography"
version = "50.0.0"
requires_python = "!=3.9.0,!=3.9.1,>=3.9"
summary = "cryptography is a package which provides cryptographic recipes and primitives to Python developers."
groups = ["default"]
dependencies = [
    "cffi>=2.0.0; platform_python_implementation != \"PyPy\"",
    "typing-extensions>=4.13.2; python_full_version < \"3.11\"",
]
files = [
    {file = "cryptography-50.0.0-cp311-abi3-macosx_11_0_arm64.whl", hash = "sha256:031e2d5dd4bb9caa3ca9c82e5a197fd8ae680232cee62603d1a813f3f07e3d03"},
    {file = "cryptography-50.0.0-cp311-abi3-manylinux2014_aarch64.manylinux_2_17_aarch64.whl", hash = "sha256:fd9192b7b70c573d7f214eb1ae35e00d359f6f5e4b27c7e21e30de1fc6204645"},
    {file = "cryptography-50.0.0-cp311-abi3-manylinux2014_x86_64.manylinux_2_17_x86_64.whl", hash = "sha256:06a32a980526a6ab9a4b9bf8f7385800791e2bb960903cb6b530e4817509a3b7"},
    {file = "cryptography-50.0.0-cp311-abi3-manylinux_2_28_aarch64.whl", hash = "sha256:a1b30560f2acc95aa8b2e06e716a13dbfc97314747b80d9707e307f77b40d6b3"},
    {file = "cryptography-50.0.0-cp311-abi3-manylinux_2_28_ppc64le.whl", hash = "sha256:8d89f3976b10b4ce31118de72329025f70d2c6ead14a8217c5514dd2c6d5a78f"},
    {file = "cryptography-50.0.0-cp311-abi3-manylinux_2_28_x86_64.whl", hash = "sha256:b42a28c1844fd9de8f3f7d540e36b66f3a9c83fceac7170ebc7a6a19edd9dcae"},
    {file = "cryptography-50.0.0-cp311-abi3-manylinux_2_31_armv7l.whl", hash = "sha256:900131fafd8aead39ac7dd3a7e833be754c17a95cfd91221636949fe4eb0aa8a"},
    {file = "cryptography-50.0.0-cp311-abi3-manylinux_2_34_aarch64.whl", hash = "sha256:07949c449a1abcf60d1ee6e88956d89404c7df3c8258f46589e912988e551987"},
    {file = "cryptography-50.0.0-cp311-abi3-manylinux_2_34_ppc64le.whl", hash = "sha256:f89831ef99dd7dd169ab06d63a831adb9e20a87aac6d380266bbda5823349169"},
    {file = "cryptography-50.0.0-cp311-abi3-manylinux_2_34_x86_64.whl", hash = "sha256:82148ec5bddac30b51a5b3c1945075f896fa022cb93f8e4a01e9f6ee95292c5f"},
    {file = "cryptography-50.0.0-cp311-abi3-musllinux_1_2_aarch64.whl", hash = "sha256:1489e263a8048bb8b6a8bac662eb2d402ea5d2b7b4699b72f385f1e2772db105"},
    {file = "cryptography-50.0.0-cp311-abi3-musllinux_1_2_x86_64.whl", hash = "sha256:7cec5b856506da6defb290f30c9ee687d5f5e8cb0bd3f6459dde43b0b4fa40ef"},
    {file = "cryptography-50.0.0-cp311-abi3-win_amd64.whl", hash = "sha256:bd1c592e4d5974f0d08d4888e432157adba757c66da0246918e43677fafa2d30"},
    {file = "cryptography-50.0.0-cp39-abi3-macosx_11_0_arm64.whl", hash = "sha256:ccdc4a71a4dabae05de219404f9f4abc38e3b58422177ff93d0da05967dafa07"},
    {file = "cryptography-50.0.0-cp39-abi3-manylinux2014_aarch64.manylinux_2_17_aarch64.whl", hash = "sha256:910e1d2668e7de9648f2bcee30e180db2a6b15c30f887d7c4c93ddf96e3992e3"},
    {file = "cryptography-50.0.0-cp39-abi3-manylinux2014_x86_64.manylinux_2_17_x86_64.whl", hash = "sha256:a91296cb61e8df6f86d0c19cc4068228da256bf59bf86049fbd821084565327f"},
    {file = "cryptography-50.0.0-cp39-abi3-manylinux_2_28_aarch64.whl", hash = "sha256:e722f16708d854fe924790e051061f6704a472c3bac347b6fd88033ea8dd0dc5"},
    {file = "cryptography-50.0.0-cp39-abi3-manylinux_2_28_ppc64le.whl", hash = "sha256:d764dcf130c428ef66786f866dd750f53182bc608813489915e9fc106bb0c82f"},
    {file = "cryptography-50.0.0-cp39-abi3-manylinux_2_28_x86_64.whl", hash = "sha256:105110f43a471dbd0060b9c9516cb8a6a79233631a04cc2ba16f28323ac6e025"},
    {file = "cryptography-50.0.0-cp39-abi3-manylinux_2_31_armv7l.whl", hash = "sha256:828743d939e9629bc267b8e2d08d8bb67cd4319c771a33d4b18b22dd8fb7440a"},
    {file = "cryptography-50.0.0-cp39-abi3-manylinux_2_34_aarch64.whl", hash = "sha256:2a8183b489dc1f7f80f135780fadc1108f14b31b8a40411c7a5b17425f65f28b"},
    {file = "cryptography-50.0.0-cp39-abi3-manylinux_2_34_ppc64le.whl", hash = "sha256:6e7d61120573a7f2cd94cc095f9e81f6967c61ccdf194285aa143ecec8e0b708"},
    {file = "cryptography-50.0.0-cp39-abi3-manylinux_2_34_x86_64.whl", hash = "sha256:37fdb0d0111f1e2ff07139dfb79f1b49531f8e213c46f1163dd7642979b58c47"},
    {file = "cryptography-50.0.0-cp39-abi3-musllinux_1_2_aarch64.whl", hash = "sha256:c87f62a3d3b9888ed0fdde100ec06aa61ca9cd44bad9057d1dff9a516b5f5bb9"},
    {file = "cryptography-50.0.0-cp39-abi3-musllinux_1_2_x86_64.whl", hash = "sha256:65c2c3add92b45fd0709db8594536aea39c2a67af0e27ffcf049c498501140b7"},
    {file = "cryptography-50.0.0-cp39-abi3-win_amd64.whl", hash = "sha256:d24fead1d4d076e1bfb006dcec392074a3cd8d7b4fc8a595aa64073b2b7a96ba"},
    {file = "cryptography-50.0.0.tar.gz", hash = "sha256:eeac2acb5a20ed25e0ad6d1df9891a520b78b404266b6d11778f25d5d691a6c9"},
]

[[package]]
name = "frozenlist"
version = "1.8.0"
requires_python = ">=3.9"
summary = "A list-like structure which implements collections.abc.MutableSequence"
groups = ["default"]
files = [
    {file = "frozenlist-1.8.0-cp312-cp312-macosx_10_13_universal2.whl", hash = "sha256:78f7b9e5d6f2fdb88cdde9440dc147259b62b9d3b019924def9f6478be254ac1"},
    {file = "frozenlist-1.8.0-cp312-cp312-macosx_10_13_x86_64.whl", hash = "sha256:229bf37d2e4acdaf808fd3f06e854a4a7a3661e871b10dc1f8f1896a3b05f18b"},
    {file = "frozenlist-1.8.0-cp312-cp312-macosx_11_0_arm64.whl", hash = "sha256:f833670942247a14eafbb675458b4e61c82e002a148f49e68257b79296e865c4"},
    {file = "frozenlist-1.8.0-cp312-cp312-manylinux1_x86_64.manylinux_2_28_x86_64.manylinux_2_5_x86_64.whl", hash = "sha256:494a5952b1c597ba44e0e78113a7266e656b9794eec897b19ead706bd7074383"},
    {file = "frozenlist-1.8.0-cp312-cp312-manylinux2014_aarch64.manylinux_2_17_aarch64.manylinux_2_28_aarch64.whl", hash = "sha256:96f423a119f4777a4a056b66ce11527366a8bb92f54e541ade21f2374433f6d4"},
    {file = "frozenlist-1.8.0-cp312-cp312-manylinux2014_armv7l.manylinux_2_17_armv7l.manylinux_2_31_armv7l.whl", hash = "sha256:3462dd9475af2025c31cc61be6652dfa25cbfb56cbbf52f4ccfe029f38decaf8"},
    {file = "frozenlist-1.8.0-cp312-cp312-manylinux2014_ppc64le.manylinux_2_17_ppc64le.manylinux_2_28_ppc64le.whl", hash = "sha256:c4c800524c9cd9bac5166cd6f55285957fcfc907db323e193f2afcd4d9abd69b"},
    {file = "frozenlist-1.8.0-cp312-cp312-manylinux2014_s390x.manylinux_2_17_s390x.manylinux_2_28_s390x.whl", hash = "sha256:d6a5df73acd3399d893dafc71663ad22534b5aa4f94e8a2fabfe856c3c1b6a52"},
    {file = "frozenlist-1.8.0-cp312-cp312-musllinux_1_2_aarch64.whl", hash = "sha256:405e8fe955c2280ce66428b3ca55e12b3c4e9c336fb2103a4937e891c69a4a29"},
    {file = "frozenlist-1.8.0-cp312-cp312-musllinux_1_2_armv7l.whl", hash = "sha256:908bd3f6439f2fef9e85031b59fd4f1297af54415fb60e4254a95f75b3cab3f3"},
    {file = "frozenlist-1.8.0-cp312-cp312-musllinux_1_2_ppc64le.whl", hash = "sha256:294e487f9ec720bd8ffcebc99d575f7eff3568a08a253d1ee1a0378754b74143"},
    {file = "frozenlist-1.8.0-cp312-cp312-musllinux_1_2_s390x.whl", hash = "sha256:74c51543498289c0c43656701be6b077f4b265868fa7f8a8859c197006efb608"},
    {file = "frozenlist-1.8.0-cp312-cp312-musllinux_1_2_x86_64.whl", hash = "sha256:776f352e8329135506a1d6bf16ac3f87bc25b28e765949282dcc627af36123aa"},
    {file = "frozenlist-1.8.0-cp312-cp312-win32.whl", hash = "sha256:433403ae80709741ce34038da08511d4a77062aa924baf411ef73d1146e74faf"},
    {file = "frozenlist-1.8.0-cp312-cp312-win_amd64.whl", hash = "sha256:34187385b08f866104f0c0617404c8eb08165ab1272e884abc89c112e9c00746"},
    {file = "frozenlist-1.8.0-cp312-cp312-win_arm64.whl", hash = "sha256:fe3c58d2f5db5fbd18c2987cba06d51b0529f52bc3a6cdc33d3f4eab725104bd"},
    {file = "frozenlist-1.8.0-py3-none-any.whl", hash = "sha256:0c18a16eab41e82c295618a77502e17b195883241c563b00f0aa5106fc4eaa0d"},
    {file = "frozenlist-1.8.0.tar.gz", hash = "sha256:3ede829ed8d842f6cd48fc7081d7a41001a56f1f38603f9d49bf3020d59a31ad"},
]

[[package]]
name = "idna"
version = "3.18"
requires_python = ">=3.9"
summary = "Internationalized Domain Names in Applications (IDNA)"
groups = ["default"]
files = [
    {file = "idna-3.18-py3-none-any.whl", hash = "sha256:7f952cbe720b688055e3f87de14f5c3e5fdaa8bc3928985c4077ca689de849a2"},
    {file = "idna-3.18.tar.gz", hash = "sha256:ffb385a7e039654cef1ab9ef32c6fafe283c0c0467bba1d9029738ce4a14a848"},
]

[[package]]
name = "iniconfig"
version = "2.3.0"
requires_python = ">=3.10"
summary = "brain-dead simple config-ini parsing"
groups = ["test"]
files = [
    {file = "iniconfig-2.3.0-py3-none-any.whl", hash = "sha256:f631c04d2c48c52b84d0d0549c99ff3859c98df65b3101406327ecc7d53fbf12"},
    {file = "iniconfig-2.3.0.tar.gz", hash = "sha256:c76315c77db068650d49c5b56314774a7804df16fee4402c1f19d6d15d8c4730"},
]

[[package]]
name = "multidict"
version = "6.7.1"
requires_python = ">=3.9"
summary = "multidict implementation"
groups = ["default"]
dependencies = [
    "typing-extensions>=4.1.0; python_version < \"3.11\"",
]
files = [
    {file = "multidict-6.7.1-cp312-cp312-macosx_10_13_universal2.whl", hash = "sha256:a90f75c956e32891a4eda3639ce6dd86e87105271f43d43442a3aedf3cddf172"},
    {file = "multidict-6.7.1-cp312-cp312-macosx_10_13_x86_64.whl", hash = "sha256:3fccb473e87eaa1382689053e4a4618e7ba7b9b9b8d6adf2027ee474597128cd"},
    {file = "multidict-6.7.1-cp312-cp312-macosx_11_0_arm64.whl", hash = "sha256:b0fa96985700739c4c7853a43c0b3e169360d6855780021bfc6d0f1ce7c123e7"},
    {file = "multidict-6.7.1-cp312-cp312-manylinux1_i686.manylinux_2_28_i686.manylinux_2_5_i686.whl", hash = "sha256:cb2a55f408c3043e42b40cc8eecd575afa27b7e0b956dfb190de0f8499a57a53"},
    {file = "multidict-6.7.1-cp312-cp312-manylinux2014_aarch64.manylinux_2_17_aarch64.manylinux_2_28_aarch64.whl", hash = "sha256:eb0ce7b2a32d09892b3dd6cc44877a0d02a33241fafca5f25c8b6b62374f8b75"},
    {file = "multidict-6.7.1-cp312-cp312-manylinux2014_armv7l.manylinux_2_17_armv7l.manylinux_2_31_armv7l.whl", hash = "sha256:c3a32d23520ee37bf327d1e1a656fec76a2edd5c038bf43eddfa0572ec49c60b"},
    {file = "multidict-6.7.1-cp312-cp312-manylinux2014_ppc64le.manylinux_2_17_ppc64le.manylinux_2_28_ppc64le.whl", hash = "sha256:9c90fed18bffc0189ba814749fdcc102b536e83a9f738a9003e569acd540a733"},
    {file = "multidict-6.7.1-cp312-cp312-manylinux2014_s390x.manylinux_2_17_s390x.manylinux_2_28_s390x.whl", hash = "sha256:da62917e6076f512daccfbbde27f46fed1c98fee202f0559adec8ee0de67f71a"},
    {file = "multidict-6.7.1-cp312-cp312-manylinux2014_x86_64.manylinux_2_17_x86_64.manylinux_2_28_x86_64.whl", hash = "sha256:bfde23ef6ed9db7eaee6c37dcec08524cb43903c60b285b172b6c094711b3961"},
    {file = "multidict-6.7.1-cp312-cp312-musllinux_1_2_aarch64.whl", hash = "sha256:3758692429e4e32f1ba0df23219cd0b4fc0a52f476726fff9337d1a57676a582"},
    {file = "multidict-6.7.1-cp312-cp312-musllinux_1_2_armv7l.whl", hash = "sha256:398c1478926eca669f2fd6a5856b6de9c0acf23a2cb59a14c0ba5844fa38077e"},
    {file = "multidict-6.7.1-cp312-cp312-musllinux_1_2_i686.whl", hash = "sha256:c102791b1c4f3ab36ce4101154549105a53dc828f016356b3e3bcae2e3a039d3"},
    {file = "multidict-6.7.1-cp312-cp312-musllinux_1_2_ppc64le.whl", hash = "sha256:a088b62bd733e2ad12c50dad01b7d0166c30287c166e137433d3b410add807a6"},
    {file = "multidict-6.7.1-cp312-cp312-musllinux_1_2_s390x.whl", hash = "sha256:3d51ff4785d58d3f6c91bdbffcb5e1f7ddfda557727043aa20d20ec4f65e324a"},
    {file = "multidict-6.7.1-cp312-cp312-musllinux_1_2_x86_64.whl", hash = "sha256:fc5907494fccf3e7d3f94f95c91d6336b092b5fc83811720fae5e2765890dfba"},
    {file = "multidict-6.7.1-cp312-cp312-win32.whl", hash = "sha256:28ca5ce2fd9716631133d0e9a9b9a745ad7f60bac2bccafb56aa380fc0b6c511"},
    {file = "multidict-6.7.1-cp312-cp312-win_amd64.whl", hash = "sha256:fcee94dfbd638784645b066074b338bc9cc155d4b4bffa4adce1615c5a426c19"},
    {file = "multidict-6.7.1-cp312-cp312-win_arm64.whl", hash = "sha256:ba0a9fb644d0c1a2194cf7ffb043bd852cea63a57f66fbd33959f7dae18517bf"},
    {file = "multidict-6.7.1-py3-none-any.whl", hash = "sha256:55d97cc6dae627efa6a6e548885712d4864b81110ac76fa4e534c03819fa4a56"},
    {file = "multidict-6.7.1.tar.gz", hash = "sha256:ec6652a1bee61c53a3e5776b6049172c53b6aaba34f18c9ad04f82712bac623d"},
]

[[package]]
name = "packaging"
version = "26.3"
requires_python = ">=3.9"
summary = "Core utilities for Python packages"
groups = ["test"]
files = [
    {file = "packaging-26.3-py3-none-any.whl", hash = "sha256:d7193f7c8e4e93f444fde0262bf90af30e16fa0ad0ad44cb553c87339b23cd1c"},
    {file = "packaging-26.3.tar.gz", hash = "sha256:94edc256424af38762eb31306eed28beb9f0efc50a8837492c9d6fd6004aed79"},
]

[[package]]
name = "pluggy"
version = "1.6.0"
requires_python = ">=3.9"
summary = "plugin and hook calling mechanisms for python"
groups = ["test"]
files = [
    {file = "pluggy-1.6.0-py3-none-any.whl", hash = "sha256:e920276dd6813095e9377c0bc5566d94c932c33b27a3e3945d8389c374dd4746"},
    {file = "pluggy-1.6.0.tar.gz", hash = "sha256:7dcc130b76258d33b90f61b658791dede3486c3e6bfb003ee5c9bfb396dd22f3"},
]

[[package]]
name = "propcache"
version = "0.5.2"
requires_python = ">=3.10"
summary = "Accelerated property cache"
groups = ["default"]
files = [
    {file = "propcache-0.5.2-cp312-cp312-macosx_10_13_universal2.whl", hash = "sha256:806719138ecd720339a12410fb9614ac9b2b2d3a5fdf8235d56981c36f4039ba"},
    {file = "propcache-0.5.2-cp312-cp312-macosx_10_13_x86_64.whl", hash = "sha256:db2b80ea58eab4f86b2beec3cc8b39e8ff9276ac20e96b7cce43c8ae84cd6b5a"},
    {file = "propcache-0.5.2-cp312-cp312-macosx_11_0_arm64.whl", hash = "sha256:e5cbfac9f61484f7e9f3597775500cd3ebe8274e9b050c38f9525c77c97520bf"},
    {file = "propcache-0.5.2-cp312-cp312-manylinux2014_aarch64.manylinux_2_17_aarch64.manylinux_2_28_aarch64.whl", hash = "sha256:5dbc581d2814337da56222fab8dc5f161cd798a434e49bac27930aaef798e144"},
    {file = "propcache-0.5.2-cp312-cp312-manylinux2014_ppc64le.manylinux_2_17_ppc64le.manylinux_2_28_ppc64le.whl", hash = "sha256:857187f381f88c8e2fa2fe56ab94879d011b883d5a2ee5a1b60a8cd2a06846d9"},
    {file = "propcache-0.5.2-cp312-cp312-manylinux2014_s390x.manylinux_2_17_s390x.manylinux_2_28_s390x.whl", hash = "sha256:178b4a2cdaac1818e2bf1c5a99b94383fa73ea5382e032a48dec07dc5668dc42"},
    {file = "propcache-0.5.2-cp312-cp312-manylinux2014_x86_64.manylinux_2_17_x86_64.manylinux_2_28_x86_64.whl", hash = "sha256:6f328175a2cde1f0ff2c4ed8ce968b9dcfb55f3a7153f39e2957ed994da13476"},
    {file = "propcache-0.5.2-cp312-cp312-manylinux_2_31_riscv64.manylinux_2_39_riscv64.whl", hash = "sha256:5671d09a36b06d0fd4a3da0fccbcae360e9b1570924171a15e9e0997f0249fba"},
    {file = "propcache-0.5.2-cp312-cp312-musllinux_1_2_aarch64.whl", hash = "sha256:80168e2ebe4d3ec6599d10ad8f520304ae1cad9b6c5a95372aef1b66b7bfb53a"},
    {file = "propcache-0.5.2-cp312-cp312-musllinux_1_2_armv7l.whl", hash = "sha256:45f11346f884bc47444f6e6647131055844134c3175b629f84952e2b5cd62b64"},
    {file = "propcache-0.5.2-cp312-cp312-musllinux_1_2_ppc64le.whl", hash = "sha256:8e778ebd44ef4f66ed60a0416b06b489687db264a9c0b3620362f26489492913"},
    {file = "propcache-0.5.2-cp312-cp312-musllinux_1_2_riscv64.whl", hash = "sha256:c0cb9ed24c8964e172768d455a38254c2dd8a552905729ce006cad3d3dda59b1"},
    {file = "propcache-0.5.2-cp312-cp312-musllinux_1_2_s390x.whl", hash = "sha256:1d1ad32d9d4355e2be65574fd0bfd3677e7066b009cd5b9b2dee8aa6a6393b33"},
    {file = "propcache-0.5.2-cp312-cp312-musllinux_1_2_x86_64.whl", hash = "sha256:c80f4ba3e8f00189165999a742ee526ebeccedf6c3f7beb0c7df821e9772435a"},
    {file = "propcache-0.5.2-cp312-cp312-win32.whl", hash = "sha256:8c7972d8f193740d9175f0998ab38717e6cd322d5935c5b0fef8c0d323fd9031"},
    {file = "propcache-0.5.2-cp312-cp312-win_amd64.whl", hash = "sha256:d9ee8826a7d47863a08ac44e1a5f611a462eefc3a194b492da242128bec75b42"},
    {file = "propcache-0.5.2-cp312-cp312-win_arm64.whl", hash = "sha256:2800a4a8ead6b28cccd1ec54b59346f0def7922ee1c7598e8499c733cfbb7c84"},
    {file = "propcache-0.5.2-py3-none-any.whl", hash = "sha256:be1ddfcbb376e3de5d2e2db1d58d6d67463e6b4f9f040c000de8e300295465fe"},
    {file = "propcache-0.5.2.tar.gz", hash = "sha256:01c4fc7480cd0598bb4b57022df55b9ca296da7fc5a8760bd8451a7e63a7d427"},
]

[[package]]
name = "pycparser"
version = "3.0"
requires_python = ">=3.10"
summary = "C parser in Python"
groups = ["default"]
marker = "implementation_name != \"PyPy\" and platform_python_implementation != \"PyPy\""
files = [
    {file = "pycparser-3.0-py3-none-any.whl", hash = "sha256:b727414169a36b7d524c1c3e31839a521725078d7b2ff038656844266160a992"},
    {file = "pycparser-3.0.tar.gz", hash = "sha256:600f49d217304a5902ac3c37e1281c9fe94e4d0489de643a9504c5cdfdfc6b29"},
]

[[package]]
name = "pydantic"
version = "2.13.4"
requires_python = ">=3.9"
summary = "Data validation using Python type hints"
groups = ["default"]
dependencies = [
    "annotated-types>=0.6.0",
    "pydantic-core==2.46.4",
    "typing-extensions>=4.14.1",
    "typing-inspection>=0.4.2",
]
files = [
    {file = "pydantic-2.13.4-py3-none-any.whl", hash = "sha256:45a282cde31d808236fd7ea9d919b128653c8b38b393d1c4ab335c62924d9aba"},
    {file = "pydantic-2.13.4.tar.gz", hash = "sha256:c40756b57adaa8b1efeeced5c196f3f3b7c435f90e84ea7f443901bec8099ef6"},
]

[[package]]
name = "pydantic-core"
version = "2.46.4"
requires_python = ">=3.9"
summary = "Core functionality for Pydantic validation and serialization"
groups = ["default"]
dependencies = [
    "typing-extensions>=4.14.1",
]
files = [
    {file = "pydantic_core-2.46.4-cp312-cp312-macosx_10_12_x86_64.whl", hash = "sha256:3245406455a5d98187ec35530fd772b1d799b26667980872c8d4614991e2c4a2"},
    {file = "pydantic_core-2.46.4-cp312-cp312-macosx_11_0_arm64.whl", hash = "sha256:962ccbab7b642487b1d8b7df90ef677e03134cf1fd8880bf698649b22a69371f"},
    {file = "pydantic_core-2.46.4-cp312-cp312-manylinux_2_17_aarch64.manylinux2014_aarch64.whl", hash = "sha256:8233f2947cf85404441fd7e0085f53b10c93e0ee78611099b5c7237e36aacbf7"},
    {file = "pydantic_core-2.46.4-cp312-cp312-manylinux_2_17_armv7l.manylinux2014_armv7l.whl", hash = "sha256:3a233125ac121aa3ffba9a2b59edfc4a985a76092dc8279586ab4b71390875e7"},
    {file = "pydantic_core-2.46.4-cp312-cp312-manylinux_2_17_ppc64le.manylinux2014_ppc64le.whl", hash = "sha256:5b712b53160b79a5850310b912a5ef8e57e56947c8ad690c227f5c9d7e561712"},
    {file = "pydantic_core-2.46.4-cp312-cp312-manylinux_2_17_s390x.manylinux2014_s390x.whl", hash = "sha256:9401557acd873c3a7f3eb9383edef8ac4968f9510e340f4808d427e75667e7b4"},
    {file = "pydantic_core-2.46.4-cp312-cp312-manylinux_2_17_x86_64.manylinux2014_x86_64.whl", hash = "sha256:926c9541b14b12b1681dca8a0b75feb510b06c6341b70a8e500c2fdcff837cce"},
    {file = "pydantic_core-2.46.4-cp312-cp312-manylinux_2_31_riscv64.whl", hash = "sha256:56cb4851bcaf3d117eddcef4fe66afd750a50274b0da8e22be256d10e5611987"},
    {file = "pydantic_core-2.46.4-cp312-cp312-manylinux_2_5_i686.manylinux1_i686.whl", hash = "sha256:c68fcd102d71ea85c5b2dfac3f4f8476eff42a9e078fd5faefff6d145063536b"},
    {file = "pydantic_core-2.46.4-cp312-cp312-musllinux_1_1_aarch64.whl", hash = "sha256:b2f69dec1725e79a012d920df1707de5caf7ed5e08f3be4435e25803efc47458"},
    {file = "pydantic_core-2.46.4-cp312-cp312-musllinux_1_1_armv7l.whl", hash = "sha256:8d0820e8192167f80d88d64038e609c31452eeca865b4e1d9950a27a4609b00b"},
    {file = "pydantic_core-2.46.4-cp312-cp312-musllinux_1_1_x86_64.whl", hash = "sha256:fbdb89b3e1c94a30cc5edfce477c6e6a5dc4d8f84665b455c27582f211a1c72c"},
    {file = "pydantic_core-2.46.4-cp312-cp312-win32.whl", hash = "sha256:9aa768456404a8bf48a4406685ac2bec8e72b62c69313734fa3b73cf33b3a894"},
    {file = "pydantic_core-2.46.4-cp312-cp312-win_amd64.whl", hash = "sha256:e9c26f834c65f5752f3f06cb08cb86a913ceb7274d0db6e267808a708b46bc89"},
    {file = "pydantic_core-2.46.4-cp312-cp312-win_arm64.whl", hash = "sha256:4fc73cb559bdb54b1134a706a2802a4cddd27a0633f5abb7e53056268751ac6a"},
    {file = "pydantic_core-2.46.4.tar.gz", hash = "sha256:62f875393d7f270851f20523dd2e29f082bcc82292d66db2b64ea71f64b6e1c1"},
]

[[package]]
name = "pygments"
version = "2.20.0"
requires_python = ">=3.9"
summary = "Pygments is a syntax highlighting package written in Python."
groups = ["test"]
files = [
    {file = "pygments-2.20.0-py3-none-any.whl", hash = "sha256:81a9e26dd42fd28a23a2d169d86d7ac03b46e2f8b59ed4698fb4785f946d0176"},
    {file = "pygments-2.20.0.tar.gz", hash = "sha256:6757cd03768053ff99f3039c1a36d6c0aa0b263438fcab17520b30a303a82b5f"},
]

[[package]]
name = "pyjwt"
version = "2.13.0"
requires_python = ">=3.9"
summary = "JSON Web Token implementation in Python"
groups = ["default"]
dependencies = [
    "typing-extensions>=4.0; python_version < \"3.11\"",
]
files = [
    {file = "pyjwt-2.13.0-py3-none-any.whl", hash = "sha256:66adcc2aff09b3f1bbd95fc1e1577df8ac8723c978552fd43304c8a290ac5728"},
    {file = "pyjwt-2.13.0.tar.gz", hash = "sha256:41571c89ca91598c79e8ef18a2d07367d4810fbbd6f637794879baf1b7703423"},
]

[[package]]
name = "pyjwt"
version = "2.13.0"
extras = ["crypto"]
requires_python = ">=3.9"
summary = "JSON Web Token implementation in Python"
groups = ["default"]
dependencies = [
    "PyJWT==2.13.0",
    "cryptography>=3.4.0",
]
files = [
    {file = "pyjwt-2.13.0-py3-none-any.whl", hash = "sha256:66adcc2aff09b3f1bbd95fc1e1577df8ac8723c978552fd43304c8a290ac5728"},
    {file = "pyjwt-2.13.0.tar.gz", hash = "sha256:41571c89ca91598c79e8ef18a2d07367d4810fbbd6f637794879baf1b7703423"},
]

[[package]]
name = "pytest"
version = "8.4.2"
requires_python = ">=3.9"
summary = "pytest: simple powerful testing with Python"
groups = ["test"]
dependencies = [
    "colorama>=0.4; sys_platform == \"win32\"",
    "exceptiongroup>=1; python_version < \"3.11\"",
    "iniconfig>=1",
    "packaging>=20",
    "pluggy<2,>=1.5",
    "pygments>=2.7.2",
    "tomli>=1; python_version < \"3.11\"",
]
files = [
    {file = "pytest-8.4.2-py3-none-any.whl", hash = "sha256:872f880de3fc3a5bdc88a11b39c9710c3497a547cfa9320bc3c5e62fbf272e79"},
    {file = "pytest-8.4.2.tar.gz", hash = "sha256:86c0d0b93306b961d58d62a4db4879f27fe25513d4b969df351abdddb3c30e01"},
]

[[package]]
name = "typing-extensions"
version = "4.16.0"
requires_python = ">=3.9"
summary = "Backported and Experimental Type Hints for Python 3.9+"
groups = ["default"]
files = [
    {file = "typing_extensions-4.16.0-py3-none-any.whl", hash = "sha256:481caa481374e813c1b176ada14e97f1f67a4539ce9cfeb3f350d78d6370c2e8"},
    {file = "typing_extensions-4.16.0.tar.gz", hash = "sha256:dc983d19a509c94dba722ee6abd33940f7c05a89e243c47e907eb4db6f1a43e5"},
]

[[package]]
name = "typing-inspection"
version = "0.4.3"
requires_python = ">=3.10"
summary = "Runtime typing introspection tools"
groups = ["default"]
dependencies = [
    "typing-extensions>=4.15.0",
]
files = [
    {file = "typing_inspection-0.4.3-py3-none-any.whl", hash = "sha256:5f42b23858a91e0b4ef521f5418f03a0da3c9216fd2995ef5e73463100e676cd"},
    {file = "typing_inspection-0.4.3.tar.gz", hash = "sha256:c5f9ec1530b5c1e2c9bc34a84d9a3466ed1b2f3f2fa9f901368d9c5596210e4d"},
]

[[package]]
name = "yarl"
version = "1.24.5"
requires_python = ">=3.10"
summary = "Yet another URL library"
groups = ["default"]
dependencies = [
    "idna>=2.0",
    "multidict>=4.0",
    "propcache>=0.2.1",
]
files = [
    {file = "yarl-1.24.5-cp312-cp312-macosx_10_13_universal2.whl", hash = "sha256:d693396e5aea78db03decd60aec9ece16c9b40ba00a587f089615ff4e718a81d"},
    {file = "yarl-1.24.5-cp312-cp312-macosx_10_13_x86_64.whl", hash = "sha256:3363fcc96e665878946ad7a106b9a13eac0541766a690ef287c0232ac768b6ec"},
    {file = "yarl-1.24.5-cp312-cp312-macosx_11_0_arm64.whl", hash = "sha256:9d399bdcfb4a0f659b9b3788bbc89babe63d9a6a65aacdf4d4e7065ff2e6316c"},
    {file = "yarl-1.24.5-cp312-cp312-manylinux2014_aarch64.manylinux_2_17_aarch64.manylinux_2_28_aarch64.whl", hash = "sha256:90333fd89b43c0d08ac85f3f1447593fc2c66de18c3d6378d7125ea118dc7a54"},
    {file = "yarl-1.24.5-cp312-cp312-manylinux2014_armv7l.manylinux_2_17_armv7l.manylinux_2_31_armv7l.whl", hash = "sha256:665b0a2c463cc9423dd647e0bfd9f4ccc9b50f768c55304d5e9f80b177c1de12"},
    {file = "yarl-1.24.5-cp312-cp312-manylinux2014_ppc64le.manylinux_2_17_ppc64le.manylinux_2_28_ppc64le.whl", hash = "sha256:e006d3a974c4ee19512e5f058abedb6eef36a5e553c14812bdeba1758d812e6d"},
    {file = "yarl-1.24.5-cp312-cp312-manylinux2014_s390x.manylinux_2_17_s390x.manylinux_2_28_s390x.whl", hash = "sha256:e7d42c531243450ef0d4d9c172e7ed6ef052640f195629065041b5add4e058d1"},
    {file = "yarl-1.24.5-cp312-cp312-manylinux2014_x86_64.manylinux_2_17_x86_64.manylinux_2_28_x86_64.whl", hash = "sha256:f08c7513ecef5aad65687bfdf6bc601ae9fccd04a42904501f8f7141abad9eb9"},
    {file = "yarl-1.24.5-cp312-cp312-manylinux_2_31_riscv64.manylinux_2_39_riscv64.whl", hash = "sha256:6c95b17fe34ed802f17e205112e6e10db92275c34fee290aa9bdc55a9c724027"},
    {file = "yarl-1.24.5-cp312-cp312-musllinux_1_2_aarch64.whl", hash = "sha256:56b149b22de33b23b0c6077ab9518c6dcb538ad462e1830e68d06591ccf6e38b"},
    {file = "yarl-1.24.5-cp312-cp312-musllinux_1_2_armv7l.whl", hash = "sha256:a8fe66b8f300da93798025a785a5b90b42f3810dc2b72283ff84a41aaaebc293"},
    {file = "yarl-1.24.5-cp312-cp312-musllinux_1_2_ppc64le.whl", hash = "sha256:377fe3732edbaf78ee74efdf2c9f49f6e99f20e7f9d2649fda3eb4badd77d76e"},
    {file = "yarl-1.24.5-cp312-cp312-musllinux_1_2_riscv64.whl", hash = "sha256:e8ffa78582120024f476a611d7befc123cee59e47e8309d470cf667d806e613b"},
    {file = "yarl-1.24.5-cp312-cp312-musllinux_1_2_s390x.whl", hash = "sha256:daba5e594f06114e37db186efd2dd916609071e59daca901a0a2e71f02b142ce"},
    {file = "yarl-1.24.5-cp312-cp312-musllinux_1_2_x86_64.whl", hash = "sha256:65be18ec59496c13908f02a2472751d9ef840b4f3fb5726f129306bf6a2a7bba"},
    {file = "yarl-1.24.5-cp312-cp312-win_amd64.whl", hash = "sha256:a929d878fec099030c292803b31e5d5540a7b6a31e6a3cc76cb4685fc2a2f51b"},
    {file = "yarl-1.24.5-cp312-cp312-win_arm64.whl", hash = "sha256:7ce27823052e2013b597e0c738b13e7e36b8ccb9400df8959417b052ab0fd92c"},
    {file = "yarl-1.24.5-py3-none-any.whl", hash = "sha256:a33700d13d9b7d84fd10947b09ff69fb9a792e519c8cb9764a3ca70baa6c23a7"},
    {file = "yarl-1.24.5.tar.gz", hash = "sha256:e81b83143bee16329c23db3c1b2d82b29892fcbcb849186d2f6e98a5abe9a57f"},
]
